
Microsoft Visual Studio Solution File, Format Version 12.00
# Visual Studio Version 17
VisualStudioVersion = 17.10.35122.118
MinimumVisualStudioVersion = 10.0.40219.1
Project("{8BC9CEB8-8B4A-11D0-8D11-00A0C91BC942}") = "SchneiderPraksa", "SchneiderPraksa\SchneiderPraksa.vcxproj", "{2E23613C-431A-4F83-BA3B-E8C68513A887}"
EndProject
Project("{9A19103F-16F7-4668-BE54-9A1E7A4F7556}") = "CSPretraga", "CS Pretraga\CSPretraga.csproj", "{A477EC99-44B5-468C-B5CE-C551D3DF35C6}"
EndProject
Project("{FAE04EC0-301F-11D3-BF4B-00C04F79EFBC}") = "CSMultithreading", "CSMultithreading\CSMultithreading.csproj", "{408965AE-B2D9-4641-8CC0-27A97FA5C4D0}"
EndProject
Global
	GlobalSection(SolutionConfigurationPlatforms) = preSolution
		Debug|Any CPU = Debug|Any CPU
		Debug|x64 = Debug|x64
		Debug|x86 = Debug|x86
		Release|Any CPU = Release|Any CPU
		Release|x64 = Release|x64
		Release|x86 = Release|x86
	EndGlobalSection
	GlobalSection(ProjectConfigurationPlatforms) = postSolution
		{2E23613C-431A-4F83-BA3B-E8C68513A887}.Debug|Any CPU.ActiveCfg = Debug|Win32
		{2E23613C-431A-4F83-BA3B-E8C68513A887}.Debug|x64.ActiveCfg = Debug|x64
		{2E23613C-431A-4F83-BA3B-E8C68513A887}.Debug|x64.Build.0 = Debug|x64
		{2E23613C-431A-4F83-BA3B-E8C68513A887}.Debug|x86.ActiveCfg = Debug|Win32
		{2E23613C-431A-4F83-BA3B-E8C68513A887}.Debug|x86.Build.0 = Debug|Win32
		{2E23613C-431A-4F83-BA3B-E8C68513A887}.Release|Any CPU.ActiveCfg = Release|Win32
		{2E23613C-431A-4F83-BA3B-E8C68513A887}.Release|x64.ActiveCfg = Release|x64
		{2E23613C-431A-4F83-BA3B-E8C68513A887}.Release|x64.Build.0 = Release|x64
		{2E23613C-431A-4F83-BA3B-E8C68513A887}.Release|x86.ActiveCfg = Release|Win32
		{2E23613C-431A-4F83-BA3B-E8C68513A887}.Release|x86.Build.0 = Release|Win32
		{A477EC99-44B5-468C-B5CE-C551D3DF35C6}.Debug|Any CPU.ActiveCfg = Debug|Any CPU
		{A477EC99-44B5-468C-B5CE-C551D3DF35C6}.Debug|Any CPU.Build.0 = Debug|Any CPU
		{A477EC99-44B5-468C-B5CE-C551D3DF35C6}.Debug|x64.ActiveCfg = Debug|Any CPU
		{A477EC99-44B5-468C-B5CE-C551D3DF35C6}.Debug|x64.Build.0 = Debug|Any CPU
		{A477EC99-44B5-468C-B5CE-C551D3DF35C6}.Debug|x86.ActiveCfg = Debug|Any CPU
		{A477EC99-44B5-468C-B5CE-C551D3DF35C6}.Debug|x86.Build.0 = Debug|Any CPU
		{A477EC99-44B5-468C-B5CE-C551D3DF35C6}.Release|Any CPU.ActiveCfg = Release|Any CPU
		{A477EC99-44B5-468C-B5CE-C551D3DF35C6}.Release|Any CPU.Build.0 = Release|Any CPU
		{A477EC99-44B5-468C-B5CE-C551D3DF35C6}.Release|x64.ActiveCfg = Release|Any CPU
		{A477EC99-44B5-468C-B5CE-C551D3DF35C6}.Release|x64.Build.0 = Release|Any CPU
		{A477EC99-44B5-468C-B5CE-C551D3DF35C6}.Release|x86.ActiveCfg = Release|Any CPU
		{A477EC99-44B5-468C-B5CE-C551D3DF35C6}.Release|x86.Build.0 = Release|Any CPU
		{408965AE-B2D9-4641-8CC0-27A97FA5C4D0}.Debug|Any CPU.ActiveCfg = Debug|Any CPU
		{408965AE-B2D9-4641-8CC0-27A97FA5C4D0}.Debug|Any CPU.Build.0 = Debug|Any CPU
		{408965AE-B2D9-4641-8CC0-27A97FA5C4D0}.Debug|x64.ActiveCfg = Debug|Any CPU
		{408965AE-B2D9-4641-8CC0-27A97FA5C4D0}.Debug|x64.Build.0 = Debug|Any CPU
		{408965AE-B2D9-4641-8CC0-27A97FA5C4D0}.Debug|x86.ActiveCfg = Debug|Any CPU
		{408965AE-B2D9-4641-8CC0-27A97FA5C4D0}.Debug|x86.Build.0 = Debug|Any CPU
		{408965AE-B2D9-4641-8CC0-27A97FA5C4D0}.Release|Any CPU.ActiveCfg = Release|Any CPU
		{408965AE-B2D9-4641-8CC0-27A97FA5C4D0}.Release|Any CPU.Build.0 = Release|Any CPU
		{408965AE-B2D9-4641-8CC0-27A97FA5C4D0}.Release|x64.ActiveCfg = Release|Any CPU
		{408965AE-B2D9-4641-8CC0-27A97FA5C4D0}.Release|x64.Build.0 = Release|Any CPU
		{408965AE-B2D9-4641-8CC0-27A97FA5C4D0}.Release|x86.ActiveCfg = Release|Any CPU
		{408965AE-B2D9-4641-8CC0-27A97FA5C4D0}.Release|x86.Build.0 = Release|Any CPU
	EndGlobalSection
	GlobalSection(SolutionProperties) = preSolution
		HideSolutionNode = FALSE
	EndGlobalSection
	GlobalSection(ExtensibilityGlobals) = postSolution
		SolutionGuid = {B4C0457B-6095-4880-A970-558A3AC4BAE7}
	EndGlobalSection
EndGlobal
